{
  "name": "zachwatkins.github",
  "version": "0.1.0",
  "lockfileVersion": 3,
  "requires": true,
  "packages": {
    "": {
      "name": "zachwatkins.github",
      "version": "0.1.0",
      "license": "MIT",
      "devDependencies": {
        "@types/marked": "^5.0.0",
        "github-markdown-css": "^5.2.0",
        "marked": "^5.0.2",
        "marked-gfm-heading-id": "^3.0.3"
      }
    },
    "node_modules/@types/marked": {
      "version": "5.0.0",
      "resolved": "https://registry.npmjs.org/@types/marked/-/marked-5.0.0.tgz",
      "integrity": "sha512-YcZe50jhltsCq7rc9MNZC/4QB/OnA2Pd6hrOSTOFajtabN+38slqgDDCeE/0F83SjkKBQcsZUj7VLWR0H5cKRA==",
      "dev": true
    },
    "node_modules/github-markdown-css": {
      "version": "5.2.0",
      "resolved": "https://registry.npmjs.org/github-markdown-css/-/github-markdown-css-5.2.0.tgz",
      "integrity": "sha512-hq5RaCInSUZ48bImOZpkppW2/MT44StRgsbsZ8YA4vJFwLKB/Vo3k7R2t+pUGqO+ThG0QDMi96TewV/B3vyItg==",
      "dev": true,
      "funding": {
        "url": "https://github.com/sponsors/sindresorhus"
      }
    },
    "node_modules/github-slugger": {
      "version": "2.0.0",
      "resolved": "https://registry.npmjs.org/github-slugger/-/github-slugger-2.0.0.tgz",
      "integrity": "sha512-IaOQ9puYtjrkq7Y0Ygl9KDZnrf/aiUJYUpVf89y8kyaxbRG7Y1SrX/jaumrv81vc61+kiMempujsM3Yw7w5qcw==",
      "dev": true
    },
    "node_modules/marked": {
      "version": "5.1.0",
      "resolved": "https://registry.npmjs.org/marked/-/marked-5.1.0.tgz",
      "integrity": "sha512-z3/nBe7aTI8JDszlYLk7dDVNpngjw0o1ZJtrA9kIfkkHcIF+xH7mO23aISl4WxP83elU+MFROgahqdpd05lMEQ==",
      "dev": true,
      "bin": {
        "marked": "bin/marked.js"
      },
      "engines": {
        "node": ">= 18"
      }
    },
    "node_modules/marked-gfm-heading-id": {
      "version": "3.0.4",
      "resolved": "https://registry.npmjs.org/marked-gfm-heading-id/-/marked-gfm-heading-id-3.0.4.tgz",
      "integrity": "sha512-k22f+k8B449kRVXbi3OYxahI6t8HywKIF0wn0L0atzYhFHYRcJynLDekh+lcxcZkNnkEGRZOHuRfTcpjMjLqDw==",
      "dev": true,
      "dependencies": {
        "github-slugger": "^2.0.0"
      },
      "peerDependencies": {
        "marked": "^4 || ^5"
      }
    }
  }
}
