{
  "name": "zachwatkins.github",
  "version": "0.1.0",
  "lockfileVersion": 3,
  "requires": true,
  "packages": {
    "": {
      "name": "zachwatkins.github",
      "version": "0.1.0",
      "license": "MIT",
      "dependencies": {
        "@types/marked": "^5.0.0",
        "github-markdown-css": "^5.2.0",
        "marked": "^5.0.2",
        "marked-gfm-heading-id": "^3.0.3"
      },
      "devDependencies": {
        "husky": "^8.0.3"
      },
      "engines": {
        "node": "^16 || ^18"
      }
    },
    "node_modules/@types/marked": {
      "version": "5.0.0",
      "resolved": "https://registry.npmjs.org/@types/marked/-/marked-5.0.0.tgz",
      "integrity": "sha512-YcZe50jhltsCq7rc9MNZC/4QB/OnA2Pd6hrOSTOFajtabN+38slqgDDCeE/0F83SjkKBQcsZUj7VLWR0H5cKRA=="
    },
    "node_modules/github-markdown-css": {
      "version": "5.2.0",
      "resolved": "https://registry.npmjs.org/github-markdown-css/-/github-markdown-css-5.2.0.tgz",
      "integrity": "sha512-hq5RaCInSUZ48bImOZpkppW2/MT44StRgsbsZ8YA4vJFwLKB/Vo3k7R2t+pUGqO+ThG0QDMi96TewV/B3vyItg==",
      "funding": {
        "url": "https://github.com/sponsors/sindresorhus"
      }
    },
    "node_modules/github-slugger": {
      "version": "2.0.0",
      "resolved": "https://registry.npmjs.org/github-slugger/-/github-slugger-2.0.0.tgz",
      "integrity": "sha512-IaOQ9puYtjrkq7Y0Ygl9KDZnrf/aiUJYUpVf89y8kyaxbRG7Y1SrX/jaumrv81vc61+kiMempujsM3Yw7w5qcw=="
    },
    "node_modules/husky": {
      "version": "8.0.3",
      "resolved": "https://registry.npmjs.org/husky/-/husky-8.0.3.tgz",
      "integrity": "sha512-+dQSyqPh4x1hlO1swXBiNb2HzTDN1I2IGLQx1GrBuiqFJfoMrnZWwVmatvSiO+Iz8fBUnf+lekwNo4c2LlXItg==",
      "dev": true,
      "bin": {
        "husky": "lib/bin.js"
      },
      "engines": {
        "node": ">=14"
      },
      "funding": {
        "url": "https://github.com/sponsors/typicode"
      }
    },
    "node_modules/marked": {
      "version": "5.0.2",
      "resolved": "https://registry.npmjs.org/marked/-/marked-5.0.2.tgz",
      "integrity": "sha512-TXksm9GwqXCRNbFUZmMtqNLvy3K2cQHuWmyBDLOrY1e6i9UvZpOTJXoz7fBjYkJkaUFzV9hBFxMuZSyQt8R6KQ==",
      "bin": {
        "marked": "bin/marked.js"
      },
      "engines": {
        "node": ">= 18"
      }
    },
    "node_modules/marked-gfm-heading-id": {
      "version": "3.0.3",
      "resolved": "https://registry.npmjs.org/marked-gfm-heading-id/-/marked-gfm-heading-id-3.0.3.tgz",
      "integrity": "sha512-ouAOxtHYa34yFocjCk5xIIcEjg40YXNdpkfLqH6TGbkmXPMPxApWXLdOi0Z1AXUweMQC9bWt2e8MGrIYB2f6+w==",
      "dependencies": {
        "github-slugger": "^2.0.0"
      },
      "peerDependencies": {
        "marked": "^4 || ^5"
      }
    }
  }
}
